
Microsoft Visual Studio Solution File, Format Version 12.00
# Visual Studio 15
VisualStudioVersion = 15.0.28107.0
MinimumVisualStudioVersion = 10.0.40219.1
Project("{FAE04EC0-301F-11D3-BF4B-00C04F79EFBC}") = "SqlInjectionDemoWebApplication", "SqlInjectionDemoWebApplication\SqlInjectionDemoWebApplication.csproj", "{083FFDAC-6E61-469B-AD64-C85136B69B41}"
EndProject
Global
	GlobalSection(SolutionConfigurationPlatforms) = preSolution
		Debug|Any CPU = Debug|Any CPU
		Release|Any CPU = Release|Any CPU
	EndGlobalSection
	GlobalSection(ProjectConfigurationPlatforms) = postSolution
		{083FFDAC-6E61-469B-AD64-C85136B69B41}.Debug|Any CPU.ActiveCfg = Debug|Any CPU
		{083FFDAC-6E61-469B-AD64-C85136B69B41}.Debug|Any CPU.Build.0 = Debug|Any CPU
		{083FFDAC-6E61-469B-AD64-C85136B69B41}.Release|Any CPU.ActiveCfg = Release|Any CPU
		{083FFDAC-6E61-469B-AD64-C85136B69B41}.Release|Any CPU.Build.0 = Release|Any CPU
	EndGlobalSection
	GlobalSection(SolutionProperties) = preSolution
		HideSolutionNode = FALSE
	EndGlobalSection
	GlobalSection(ExtensibilityGlobals) = postSolution
		SolutionGuid = {4B319808-CE74-47FE-B948-4FE5B2BC669F}
	EndGlobalSection
EndGlobal
